
Microsoft Visual Studio Solution File, Format Version 12.00
# Visual Studio Version 16
VisualStudioVersion = 16.0.30204.135
MinimumVisualStudioVersion = 10.0.40219.1
Project("{9A19103F-16F7-4668-BE54-9A1E7A4F7556}") = "Sql2Cdm.CLI", "src\Sql2Cdm.CLI\Sql2Cdm.CLI.csproj", "{88359B8C-617C-45A9-987E-5CA10C73358D}"
EndProject
Project("{9A19103F-16F7-4668-BE54-9A1E7A4F7556}") = "Sql2Cdm.Library", "src\Sql2Cdm.Library\Sql2Cdm.Library.csproj", "{0E6D42AA-CE17-421D-B8B7-880FE27E71FB}"
EndProject
Project("{9A19103F-16F7-4668-BE54-9A1E7A4F7556}") = "Sql2Cdm.Library.Tests", "src\Sql2Cdm.Library.Tests\Sql2Cdm.Library.Tests.csproj", "{C03E286B-5210-43B4-B3D9-EE9E70307377}"
EndProject
Project("{2150E333-8FDC-42A3-9474-1A3956D46DE8}") = "Resources", "Resources", "{ED54A5AE-5296-4F93-AF29-7BB56DA5AFDF}"
	ProjectSection(SolutionItems) = preProject
		sql\customer.sql = sql\customer.sql
		sql\telemetry.sql = sql\telemetry.sql
	EndProjectSection
EndProject
Global
	GlobalSection(SolutionConfigurationPlatforms) = preSolution
		Debug|Any CPU = Debug|Any CPU
		Release|Any CPU = Release|Any CPU
	EndGlobalSection
	GlobalSection(ProjectConfigurationPlatforms) = postSolution
		{88359B8C-617C-45A9-987E-5CA10C73358D}.Debug|Any CPU.ActiveCfg = Debug|Any CPU
		{88359B8C-617C-45A9-987E-5CA10C73358D}.Debug|Any CPU.Build.0 = Debug|Any CPU
		{88359B8C-617C-45A9-987E-5CA10C73358D}.Release|Any CPU.ActiveCfg = Release|Any CPU
		{88359B8C-617C-45A9-987E-5CA10C73358D}.Release|Any CPU.Build.0 = Release|Any CPU
		{0E6D42AA-CE17-421D-B8B7-880FE27E71FB}.Debug|Any CPU.ActiveCfg = Debug|Any CPU
		{0E6D42AA-CE17-421D-B8B7-880FE27E71FB}.Debug|Any CPU.Build.0 = Debug|Any CPU
		{0E6D42AA-CE17-421D-B8B7-880FE27E71FB}.Release|Any CPU.ActiveCfg = Release|Any CPU
		{0E6D42AA-CE17-421D-B8B7-880FE27E71FB}.Release|Any CPU.Build.0 = Release|Any CPU
		{C03E286B-5210-43B4-B3D9-EE9E70307377}.Debug|Any CPU.ActiveCfg = Debug|Any CPU
		{C03E286B-5210-43B4-B3D9-EE9E70307377}.Debug|Any CPU.Build.0 = Debug|Any CPU
		{C03E286B-5210-43B4-B3D9-EE9E70307377}.Release|Any CPU.ActiveCfg = Release|Any CPU
		{C03E286B-5210-43B4-B3D9-EE9E70307377}.Release|Any CPU.Build.0 = Release|Any CPU
	EndGlobalSection
	GlobalSection(SolutionProperties) = preSolution
		HideSolutionNode = FALSE
	EndGlobalSection
	GlobalSection(ExtensibilityGlobals) = postSolution
		SolutionGuid = {657271C4-D392-4E10-AF26-F549C2145F25}
	EndGlobalSection
EndGlobal
